{
  "name": "veyndan.github.io",
  "lockfileVersion": 2,
  "requires": true,
  "packages": {
    "": {
      "dependencies": {
        "awsm.css": "^3.0.7",
        "modern-normalize": "^1.1.0"
      }
    },
    "node_modules/awsm.css": {
      "version": "3.0.7",
      "resolved": "https://registry.npmjs.org/awsm.css/-/awsm.css-3.0.7.tgz",
      "integrity": "sha512-LJdxMtwUbkgHdF2JU2ILB8PkkMmRJLqUhqK0jV+9ga8HIjLxPL4j8Oi8H4YhlG4/ySQzj9pQFxTty/qyaip4Qg=="
    },
    "node_modules/modern-normalize": {
      "version": "1.1.0",
      "resolved": "https://registry.npmjs.org/modern-normalize/-/modern-normalize-1.1.0.tgz",
      "integrity": "sha512-2lMlY1Yc1+CUy0gw4H95uNN7vjbpoED7NNRSBHE25nWfLBdmMzFCsPshlzbxHz+gYMcBEUN8V4pU16prcdPSgA==",
      "engines": {
        "node": ">=6"
      },
      "funding": {
        "url": "https://github.com/sponsors/sindresorhus"
      }
    }
  },
  "dependencies": {
    "awsm.css": {
      "version": "3.0.7",
      "resolved": "https://registry.npmjs.org/awsm.css/-/awsm.css-3.0.7.tgz",
      "integrity": "sha512-LJdxMtwUbkgHdF2JU2ILB8PkkMmRJLqUhqK0jV+9ga8HIjLxPL4j8Oi8H4YhlG4/ySQzj9pQFxTty/qyaip4Qg=="
    },
    "modern-normalize": {
      "version": "1.1.0",
      "resolved": "https://registry.npmjs.org/modern-normalize/-/modern-normalize-1.1.0.tgz",
      "integrity": "sha512-2lMlY1Yc1+CUy0gw4H95uNN7vjbpoED7NNRSBHE25nWfLBdmMzFCsPshlzbxHz+gYMcBEUN8V4pU16prcdPSgA=="
    }
  }
}
