{
  "name": "veyndan.github.io",
  "lockfileVersion": 2,
  "requires": true,
  "packages": {
    "": {
      "dependencies": {
        "sakura.css": "^1.3.1"
      }
    },
    "node_modules/sakura.css": {
      "version": "1.3.1",
      "resolved": "https://registry.npmjs.org/sakura.css/-/sakura.css-1.3.1.tgz",
      "integrity": "sha512-J1Lj9yrAAs8OMseVDTIJPh5BxhZZEUz2VKkzj1u4HgjljVnIvVbCEfJKzjWolJTIs8SCxZ0murVJg0Ah7kK/yw=="
    }
  },
  "dependencies": {
    "sakura.css": {
      "version": "1.3.1",
      "resolved": "https://registry.npmjs.org/sakura.css/-/sakura.css-1.3.1.tgz",
      "integrity": "sha512-J1Lj9yrAAs8OMseVDTIJPh5BxhZZEUz2VKkzj1u4HgjljVnIvVbCEfJKzjWolJTIs8SCxZ0murVJg0Ah7kK/yw=="
    }
  }
}
